// !$*UTF8*$!
{
	archiveVersion = 1;
	classes = {
	};
	objectVersion = 54;
	objects = {

/* Begin PBXBuildFile section */
		0C80B921A6F3F58F76C31292 /* libPods-xioncart.a in Frameworks */ = {isa = PBXBuildFile; fileRef = 5DCACB8F33CDC322A6C60F78 /* libPods-xioncart.a */; };
		13B07FBF1A68108700A75B9A /* Images.xcassets in Resources */ = {isa = PBXBuildFile; fileRef = 13B07FB51A68108700A75B9A /* Images.xcassets */; };
		761780ED2CA45674006654EE /* AppDelegate.swift in Sources */ = {isa = PBXBuildFile; fileRef = 761780EC2CA45674006654EE /* AppDelegate.swift */; };
		81AB9BB82411601600AC10FF /* LaunchScreen.storyboard in Resources */ = {isa = PBXBuildFile; fileRef = 81AB9BB72411601600AC10FF /* LaunchScreen.storyboard */; };
		1C54530AA19C412899F33359 /* AlbertSans-Black.ttf in Resources */ = {isa = PBXBuildFile; fileRef = 3F023034EA974CF195442600 /* AlbertSans-Black.ttf */; };
		BA5B27D6B3664F58803D6FCA /* AlbertSans-BlackItalic.ttf in Resources */ = {isa = PBXBuildFile; fileRef = 5193C8917BF347F7AB4B38F1 /* AlbertSans-BlackItalic.ttf */; };
		155F50932C48402A8744C321 /* AlbertSans-Bold.ttf in Resources */ = {isa = PBXBuildFile; fileRef = A9C2C39CE7DB44C1817DE2EB /* AlbertSans-Bold.ttf */; };
		C0A0557175AA47738D383D34 /* AlbertSans-BoldItalic.ttf in Resources */ = {isa = PBXBuildFile; fileRef = 4F81567506CC4DD09E10F3B3 /* AlbertSans-BoldItalic.ttf */; };
		0FD129266A38424384378131 /* AlbertSans-ExtraBold.ttf in Resources */ = {isa = PBXBuildFile; fileRef = 337DA143F5294E578E9ADF34 /* AlbertSans-ExtraBold.ttf */; };
		93E3E9D95460463A91EB55B7 /* AlbertSans-ExtraBoldItalic.ttf in Resources */ = {isa = PBXBuildFile; fileRef = 6AD38B36FF7F4FF59B996AE6 /* AlbertSans-ExtraBoldItalic.ttf */; };
		260F9D2B1F8C43F6AEAED504 /* AlbertSans-ExtraLight.ttf in Resources */ = {isa = PBXBuildFile; fileRef = 654C08CCAAEC47F28863CE6A /* AlbertSans-ExtraLight.ttf */; };
		AAA912E518C849DEA28B20DD /* AlbertSans-ExtraLightItalic.ttf in Resources */ = {isa = PBXBuildFile; fileRef = ED6D094416934FB48EBC1B15 /* AlbertSans-ExtraLightItalic.ttf */; };
		1B46435D79F24A88813FC50C /* AlbertSans-Italic.ttf in Resources */ = {isa = PBXBuildFile; fileRef = 456DB0D574324112BE7B8203 /* AlbertSans-Italic.ttf */; };
		68D537D413A34C5AB332EB91 /* AlbertSans-Light.ttf in Resources */ = {isa = PBXBuildFile; fileRef = FE4871773E5F47A6BB42D41B /* AlbertSans-Light.ttf */; };
		4205199AB5C0481292064E05 /* AlbertSans-LightItalic.ttf in Resources */ = {isa = PBXBuildFile; fileRef = 623C60D386BE4AC2B0C0A1B8 /* AlbertSans-LightItalic.ttf */; };
		926DE18EBFEA4479A29920BF /* AlbertSans-Medium.ttf in Resources */ = {isa = PBXBuildFile; fileRef = 19630EDA3A0D4F169FCEA8EB /* AlbertSans-Medium.ttf */; };
		89CA4E8D00A445F2B7E517F8 /* AlbertSans-MediumItalic.ttf in Resources */ = {isa = PBXBuildFile; fileRef = 3E1FDF6429064A279A195451 /* AlbertSans-MediumItalic.ttf */; };
		E47ECE0D6479408A8958FD39 /* AlbertSans-Regular.ttf in Resources */ = {isa = PBXBuildFile; fileRef = CDC726B16D0144908D835C26 /* AlbertSans-Regular.ttf */; };
		40CFF1C1AE5B47DB92EB8BC3 /* AlbertSans-SemiBold.ttf in Resources */ = {isa = PBXBuildFile; fileRef = 2DED67EF83FC49DAABD8AB20 /* AlbertSans-SemiBold.ttf */; };
		1B92E19106C34E93B4BAA00F /* AlbertSans-SemiBoldItalic.ttf in Resources */ = {isa = PBXBuildFile; fileRef = 818ED97B9C5740F1823A8644 /* AlbertSans-SemiBoldItalic.ttf */; };
		3F4CBED3A35C42938FDA69AB /* AlbertSans-Thin.ttf in Resources */ = {isa = PBXBuildFile; fileRef = C5DEC93BC3044210B3C39ABA /* AlbertSans-Thin.ttf */; };
		E3C95B0BD773446AB68B3360 /* AlbertSans-ThinItalic.ttf in Resources */ = {isa = PBXBuildFile; fileRef = BF37340D857944FB8D5BAA76 /* AlbertSans-ThinItalic.ttf */; };
/* End PBXBuildFile section */

/* Begin PBXContainerItemProxy section */
		00E356F41AD99517003FC87E /* PBXContainerItemProxy */ = {
			isa = PBXContainerItemProxy;
			containerPortal = 83CBB9F71A601CBA00E9B192 /* Project object */;
			proxyType = 1;
			remoteGlobalIDString = 13B07F861A680F5B00A75B9A;
			remoteInfo = xioncart;
		};
/* End PBXContainerItemProxy section */

/* Begin PBXFileReference section */
		00E356F11AD99517003FC87E /* Info.plist */ = {isa = PBXFileReference; lastKnownFileType = text.plist.xml; path = Info.plist; sourceTree = "<group>"; };
		13B07F961A680F5B00A75B9A /* xioncart.app */ = {isa = PBXFileReference; explicitFileType = wrapper.application; includeInIndex = 0; path = xioncart.app; sourceTree = BUILT_PRODUCTS_DIR; };
		13B07FB51A68108700A75B9A /* Images.xcassets */ = {isa = PBXFileReference; lastKnownFileType = folder.assetcatalog; name = Images.xcassets; path = xioncart/Images.xcassets; sourceTree = "<group>"; };
		13B07FB61A68108700A75B9A /* Info.plist */ = {isa = PBXFileReference; fileEncoding = 4; lastKnownFileType = text.plist.xml; name = Info.plist; path = xioncart/Info.plist; sourceTree = "<group>"; };
		13B07FB81A68108700A75B9A /* PrivacyInfo.xcprivacy */ = {isa = PBXFileReference; fileEncoding = 4; lastKnownFileType = text.plist.xml; name = PrivacyInfo.xcprivacy; path = xioncart/PrivacyInfo.xcprivacy; sourceTree = "<group>"; };
		3B4392A12AC88292D35C810B /* Pods-xioncart.debug.xcconfig */ = {isa = PBXFileReference; includeInIndex = 1; lastKnownFileType = text.xcconfig; name = "Pods-xioncart.debug.xcconfig"; path = "Target Support Files/Pods-xioncart/Pods-xioncart.debug.xcconfig"; sourceTree = "<group>"; };
		5709B34CF0A7D63546082F79 /* Pods-xioncart.release.xcconfig */ = {isa = PBXFileReference; includeInIndex = 1; lastKnownFileType = text.xcconfig; name = "Pods-xioncart.release.xcconfig"; path = "Target Support Files/Pods-xioncart/Pods-xioncart.release.xcconfig"; sourceTree = "<group>"; };
		5DCACB8F33CDC322A6C60F78 /* libPods-xioncart.a */ = {isa = PBXFileReference; explicitFileType = archive.ar; includeInIndex = 0; path = "libPods-xioncart.a"; sourceTree = BUILT_PRODUCTS_DIR; };
		761780EC2CA45674006654EE /* AppDelegate.swift */ = {isa = PBXFileReference; lastKnownFileType = sourcecode.swift; name = AppDelegate.swift; path = xioncart/AppDelegate.swift; sourceTree = "<group>"; };
		81AB9BB72411601600AC10FF /* LaunchScreen.storyboard */ = {isa = PBXFileReference; fileEncoding = 4; lastKnownFileType = file.storyboard; name = LaunchScreen.storyboard; path = xioncart/LaunchScreen.storyboard; sourceTree = "<group>"; };
		ED297162215061F000B7C4FE /* JavaScriptCore.framework */ = {isa = PBXFileReference; lastKnownFileType = wrapper.framework; name = JavaScriptCore.framework; path = System/Library/Frameworks/JavaScriptCore.framework; sourceTree = SDKROOT; };
		3F023034EA974CF195442600 /* AlbertSans-Black.ttf */ = {isa = PBXFileReference; name = "AlbertSans-Black.ttf"; path = "../assets/fonts/AlbertSans-Black.ttf"; sourceTree = "<group>"; fileEncoding = undefined; lastKnownFileType = unknown; explicitFileType = undefined; includeInIndex = 0; };
		5193C8917BF347F7AB4B38F1 /* AlbertSans-BlackItalic.ttf */ = {isa = PBXFileReference; name = "AlbertSans-BlackItalic.ttf"; path = "../assets/fonts/AlbertSans-BlackItalic.ttf"; sourceTree = "<group>"; fileEncoding = undefined; lastKnownFileType = unknown; explicitFileType = undefined; includeInIndex = 0; };
		A9C2C39CE7DB44C1817DE2EB /* AlbertSans-Bold.ttf */ = {isa = PBXFileReference; name = "AlbertSans-Bold.ttf"; path = "../assets/fonts/AlbertSans-Bold.ttf"; sourceTree = "<group>"; fileEncoding = undefined; lastKnownFileType = unknown; explicitFileType = undefined; includeInIndex = 0; };
		4F81567506CC4DD09E10F3B3 /* AlbertSans-BoldItalic.ttf */ = {isa = PBXFileReference; name = "AlbertSans-BoldItalic.ttf"; path = "../assets/fonts/AlbertSans-BoldItalic.ttf"; sourceTree = "<group>"; fileEncoding = undefined; lastKnownFileType = unknown; explicitFileType = undefined; includeInIndex = 0; };
		337DA143F5294E578E9ADF34 /* AlbertSans-ExtraBold.ttf */ = {isa = PBXFileReference; name = "AlbertSans-ExtraBold.ttf"; path = "../assets/fonts/AlbertSans-ExtraBold.ttf"; sourceTree = "<group>"; fileEncoding = undefined; lastKnownFileType = unknown; explicitFileType = undefined; includeInIndex = 0; };
		6AD38B36FF7F4FF59B996AE6 /* AlbertSans-ExtraBoldItalic.ttf */ = {isa = PBXFileReference; name = "AlbertSans-ExtraBoldItalic.ttf"; path = "../assets/fonts/AlbertSans-ExtraBoldItalic.ttf"; sourceTree = "<group>"; fileEncoding = undefined; lastKnownFileType = unknown; explicitFileType = undefined; includeInIndex = 0; };
		654C08CCAAEC47F28863CE6A /* AlbertSans-ExtraLight.ttf */ = {isa = PBXFileReference; name = "AlbertSans-ExtraLight.ttf"; path = "../assets/fonts/AlbertSans-ExtraLight.ttf"; sourceTree = "<group>"; fileEncoding = undefined; lastKnownFileType = unknown; explicitFileType = undefined; includeInIndex = 0; };
		ED6D094416934FB48EBC1B15 /* AlbertSans-ExtraLightItalic.ttf */ = {isa = PBXFileReference; name = "AlbertSans-ExtraLightItalic.ttf"; path = "../assets/fonts/AlbertSans-ExtraLightItalic.ttf"; sourceTree = "<group>"; fileEncoding = undefined; lastKnownFileType = unknown; explicitFileType = undefined; includeInIndex = 0; };
		456DB0D574324112BE7B8203 /* AlbertSans-Italic.ttf */ = {isa = PBXFileReference; name = "AlbertSans-Italic.ttf"; path = "../assets/fonts/AlbertSans-Italic.ttf"; sourceTree = "<group>"; fileEncoding = undefined; lastKnownFileType = unknown; explicitFileType = undefined; includeInIndex = 0; };
		FE4871773E5F47A6BB42D41B /* AlbertSans-Light.ttf */ = {isa = PBXFileReference; name = "AlbertSans-Light.ttf"; path = "../assets/fonts/AlbertSans-Light.ttf"; sourceTree = "<group>"; fileEncoding = undefined; lastKnownFileType = unknown; explicitFileType = undefined; includeInIndex = 0; };
		623C60D386BE4AC2B0C0A1B8 /* AlbertSans-LightItalic.ttf */ = {isa = PBXFileReference; name = "AlbertSans-LightItalic.ttf"; path = "../assets/fonts/AlbertSans-LightItalic.ttf"; sourceTree = "<group>"; fileEncoding = undefined; lastKnownFileType = unknown; explicitFileType = undefined; includeInIndex = 0; };
		19630EDA3A0D4F169FCEA8EB /* AlbertSans-Medium.ttf */ = {isa = PBXFileReference; name = "AlbertSans-Medium.ttf"; path = "../assets/fonts/AlbertSans-Medium.ttf"; sourceTree = "<group>"; fileEncoding = undefined; lastKnownFileType = unknown; explicitFileType = undefined; includeInIndex = 0; };
		3E1FDF6429064A279A195451 /* AlbertSans-MediumItalic.ttf */ = {isa = PBXFileReference; name = "AlbertSans-MediumItalic.ttf"; path = "../assets/fonts/AlbertSans-MediumItalic.ttf"; sourceTree = "<group>"; fileEncoding = undefined; lastKnownFileType = unknown; explicitFileType = undefined; includeInIndex = 0; };
		CDC726B16D0144908D835C26 /* AlbertSans-Regular.ttf */ = {isa = PBXFileReference; name = "AlbertSans-Regular.ttf"; path = "../assets/fonts/AlbertSans-Regular.ttf"; sourceTree = "<group>"; fileEncoding = undefined; lastKnownFileType = unknown; explicitFileType = undefined; includeInIndex = 0; };
		2DED67EF83FC49DAABD8AB20 /* AlbertSans-SemiBold.ttf */ = {isa = PBXFileReference; name = "AlbertSans-SemiBold.ttf"; path = "../assets/fonts/AlbertSans-SemiBold.ttf"; sourceTree = "<group>"; fileEncoding = undefined; lastKnownFileType = unknown; explicitFileType = undefined; includeInIndex = 0; };
		818ED97B9C5740F1823A8644 /* AlbertSans-SemiBoldItalic.ttf */ = {isa = PBXFileReference; name = "AlbertSans-SemiBoldItalic.ttf"; path = "../assets/fonts/AlbertSans-SemiBoldItalic.ttf"; sourceTree = "<group>"; fileEncoding = undefined; lastKnownFileType = unknown; explicitFileType = undefined; includeInIndex = 0; };
		C5DEC93BC3044210B3C39ABA /* AlbertSans-Thin.ttf */ = {isa = PBXFileReference; name = "AlbertSans-Thin.ttf"; path = "../assets/fonts/AlbertSans-Thin.ttf"; sourceTree = "<group>"; fileEncoding = undefined; lastKnownFileType = unknown; explicitFileType = undefined; includeInIndex = 0; };
		BF37340D857944FB8D5BAA76 /* AlbertSans-ThinItalic.ttf */ = {isa = PBXFileReference; name = "AlbertSans-ThinItalic.ttf"; path = "../assets/fonts/AlbertSans-ThinItalic.ttf"; sourceTree = "<group>"; fileEncoding = undefined; lastKnownFileType = unknown; explicitFileType = undefined; includeInIndex = 0; };
/* End PBXFileReference section */

/* Begin PBXFrameworksBuildPhase section */
		13B07F8C1A680F5B00A75B9A /* Frameworks */ = {
			isa = PBXFrameworksBuildPhase;
			buildActionMask = 2147483647;
			files = (
				0C80B921A6F3F58F76C31292 /* libPods-xioncart.a in Frameworks */,
			);
			runOnlyForDeploymentPostprocessing = 0;
		};
/* End PBXFrameworksBuildPhase section */

/* Begin PBXGroup section */
		00E356F01AD99517003FC87E /* Supporting Files */ = {
			isa = PBXGroup;
			children = (
				00E356F11AD99517003FC87E /* Info.plist */,
			);
			name = "Supporting Files";
			sourceTree = "<group>";
		};
		13B07FAE1A68108700A75B9A /* xioncart */ = {
			isa = PBXGroup;
			children = (
				13B07FB51A68108700A75B9A /* Images.xcassets */,
				761780EC2CA45674006654EE /* AppDelegate.swift */,
				13B07FB61A68108700A75B9A /* Info.plist */,
				81AB9BB72411601600AC10FF /* LaunchScreen.storyboard */,
				13B07FB81A68108700A75B9A /* PrivacyInfo.xcprivacy */,
			);
			name = xioncart;
			sourceTree = "<group>";
		};
		2D16E6871FA4F8E400B85C8A /* Frameworks */ = {
			isa = PBXGroup;
			children = (
				ED297162215061F000B7C4FE /* JavaScriptCore.framework */,
				5DCACB8F33CDC322A6C60F78 /* libPods-xioncart.a */,
			);
			name = Frameworks;
			sourceTree = "<group>";
		};
		832341AE1AAA6A7D00B99B32 /* Libraries */ = {
			isa = PBXGroup;
			children = (
			);
			name = Libraries;
			sourceTree = "<group>";
		};
		83CBB9F61A601CBA00E9B192 = {
			isa = PBXGroup;
			children = (
				13B07FAE1A68108700A75B9A /* xioncart */,
				832341AE1AAA6A7D00B99B32 /* Libraries */,
				83CBBA001A601CBA00E9B192 /* Products */,
				2D16E6871FA4F8E400B85C8A /* Frameworks */,
				BBD78D7AC51CEA395F1C20DB /* Pods */,
				216AE1BCADF745B296D17482 /* Resources */,
			);
			indentWidth = 2;
			sourceTree = "<group>";
			tabWidth = 2;
			usesTabs = 0;
		};
		83CBBA001A601CBA00E9B192 /* Products */ = {
			isa = PBXGroup;
			children = (
				13B07F961A680F5B00A75B9A /* xioncart.app */,
			);
			name = Products;
			sourceTree = "<group>";
		};
		BBD78D7AC51CEA395F1C20DB /* Pods */ = {
			isa = PBXGroup;
			children = (
				3B4392A12AC88292D35C810B /* Pods-xioncart.debug.xcconfig */,
				5709B34CF0A7D63546082F79 /* Pods-xioncart.release.xcconfig */,
			);
			path = Pods;
			sourceTree = "<group>";
		};
		216AE1BCADF745B296D17482 /* Resources */ = {
			isa = "PBXGroup";
			children = (
				3F023034EA974CF195442600 /* AlbertSans-Black.ttf */,
				5193C8917BF347F7AB4B38F1 /* AlbertSans-BlackItalic.ttf */,
				A9C2C39CE7DB44C1817DE2EB /* AlbertSans-Bold.ttf */,
				4F81567506CC4DD09E10F3B3 /* AlbertSans-BoldItalic.ttf */,
				337DA143F5294E578E9ADF34 /* AlbertSans-ExtraBold.ttf */,
				6AD38B36FF7F4FF59B996AE6 /* AlbertSans-ExtraBoldItalic.ttf */,
				654C08CCAAEC47F28863CE6A /* AlbertSans-ExtraLight.ttf */,
				ED6D094416934FB48EBC1B15 /* AlbertSans-ExtraLightItalic.ttf */,
				456DB0D574324112BE7B8203 /* AlbertSans-Italic.ttf */,
				FE4871773E5F47A6BB42D41B /* AlbertSans-Light.ttf */,
				623C60D386BE4AC2B0C0A1B8 /* AlbertSans-LightItalic.ttf */,
				19630EDA3A0D4F169FCEA8EB /* AlbertSans-Medium.ttf */,
				3E1FDF6429064A279A195451 /* AlbertSans-MediumItalic.ttf */,
				CDC726B16D0144908D835C26 /* AlbertSans-Regular.ttf */,
				2DED67EF83FC49DAABD8AB20 /* AlbertSans-SemiBold.ttf */,
				818ED97B9C5740F1823A8644 /* AlbertSans-SemiBoldItalic.ttf */,
				C5DEC93BC3044210B3C39ABA /* AlbertSans-Thin.ttf */,
				BF37340D857944FB8D5BAA76 /* AlbertSans-ThinItalic.ttf */,
			);
			name = Resources;
			sourceTree = "<group>";
			path = "";
		};
/* End PBXGroup section */

/* Begin PBXNativeTarget section */
		13B07F861A680F5B00A75B9A /* xioncart */ = {
			isa = PBXNativeTarget;
			buildConfigurationList = 13B07F931A680F5B00A75B9A /* Build configuration list for PBXNativeTarget "xioncart" */;
			buildPhases = (
				C38B50BA6285516D6DCD4F65 /* [CP] Check Pods Manifest.lock */,
				13B07F871A680F5B00A75B9A /* Sources */,
				13B07F8C1A680F5B00A75B9A /* Frameworks */,
				13B07F8E1A680F5B00A75B9A /* Resources */,
				00DD1BFF1BD5951E006B06BC /* Bundle React Native code and images */,
				00EEFC60759A1932668264C0 /* [CP] Embed Pods Frameworks */,
				E235C05ADACE081382539298 /* [CP] Copy Pods Resources */,
			);
			buildRules = (
			);
			dependencies = (
			);
			name = xioncart;
			productName = xioncart;
			productReference = 13B07F961A680F5B00A75B9A /* xioncart.app */;
			productType = "com.apple.product-type.application";
		};
/* End PBXNativeTarget section */

/* Begin PBXProject section */
		83CBB9F71A601CBA00E9B192 /* Project object */ = {
			isa = PBXProject;
			attributes = {
				LastUpgradeCheck = 1210;
				TargetAttributes = {
					13B07F861A680F5B00A75B9A = {
						LastSwiftMigration = 1120;
					};
				};
			};
			buildConfigurationList = 83CBB9FA1A601CBA00E9B192 /* Build configuration list for PBXProject "xioncart" */;
			compatibilityVersion = "Xcode 12.0";
			developmentRegion = en;
			hasScannedForEncodings = 0;
			knownRegions = (
				en,
				Base,
			);
			mainGroup = 83CBB9F61A601CBA00E9B192;
			productRefGroup = 83CBBA001A601CBA00E9B192 /* Products */;
			projectDirPath = "";
			projectRoot = "";
			targets = (
				13B07F861A680F5B00A75B9A /* xioncart */,
			);
		};
/* End PBXProject section */

/* Begin PBXResourcesBuildPhase section */
		00E356EC1AD99517003FC87E /* Resources */ = {
			isa = PBXResourcesBuildPhase;
			buildActionMask = 2147483647;
			files = (
			);
			runOnlyForDeploymentPostprocessing = 0;
		};
		13B07F8E1A680F5B00A75B9A /* Resources */ = {
			isa = PBXResourcesBuildPhase;
			buildActionMask = 2147483647;
			files = (
				81AB9BB82411601600AC10FF /* LaunchScreen.storyboard in Resources */,
				13B07FBF1A68108700A75B9A /* Images.xcassets in Resources */,
				1C54530AA19C412899F33359 /* AlbertSans-Black.ttf in Resources */,
				BA5B27D6B3664F58803D6FCA /* AlbertSans-BlackItalic.ttf in Resources */,
				155F50932C48402A8744C321 /* AlbertSans-Bold.ttf in Resources */,
				C0A0557175AA47738D383D34 /* AlbertSans-BoldItalic.ttf in Resources */,
				0FD129266A38424384378131 /* AlbertSans-ExtraBold.ttf in Resources */,
				93E3E9D95460463A91EB55B7 /* AlbertSans-ExtraBoldItalic.ttf in Resources */,
				260F9D2B1F8C43F6AEAED504 /* AlbertSans-ExtraLight.ttf in Resources */,
				AAA912E518C849DEA28B20DD /* AlbertSans-ExtraLightItalic.ttf in Resources */,
				1B46435D79F24A88813FC50C /* AlbertSans-Italic.ttf in Resources */,
				68D537D413A34C5AB332EB91 /* AlbertSans-Light.ttf in Resources */,
				4205199AB5C0481292064E05 /* AlbertSans-LightItalic.ttf in Resources */,
				926DE18EBFEA4479A29920BF /* AlbertSans-Medium.ttf in Resources */,
				89CA4E8D00A445F2B7E517F8 /* AlbertSans-MediumItalic.ttf in Resources */,
				E47ECE0D6479408A8958FD39 /* AlbertSans-Regular.ttf in Resources */,
				40CFF1C1AE5B47DB92EB8BC3 /* AlbertSans-SemiBold.ttf in Resources */,
				1B92E19106C34E93B4BAA00F /* AlbertSans-SemiBoldItalic.ttf in Resources */,
				3F4CBED3A35C42938FDA69AB /* AlbertSans-Thin.ttf in Resources */,
				E3C95B0BD773446AB68B3360 /* AlbertSans-ThinItalic.ttf in Resources */,
			);
			runOnlyForDeploymentPostprocessing = 0;
		};
/* End PBXResourcesBuildPhase section */

/* Begin PBXShellScriptBuildPhase section */
		00DD1BFF1BD5951E006B06BC /* Bundle React Native code and images */ = {
			isa = PBXShellScriptBuildPhase;
			buildActionMask = 2147483647;
			files = (
			);
			inputPaths = (
				"$(SRCROOT)/.xcode.env.local",
				"$(SRCROOT)/.xcode.env",
			);
			name = "Bundle React Native code and images";
			outputPaths = (
			);
			runOnlyForDeploymentPostprocessing = 0;
			shellPath = /bin/sh;
			shellScript = "set -e\n\nWITH_ENVIRONMENT=\"$REACT_NATIVE_PATH/scripts/xcode/with-environment.sh\"\nREACT_NATIVE_XCODE=\"$REACT_NATIVE_PATH/scripts/react-native-xcode.sh\"\n\n/bin/sh -c \"$WITH_ENVIRONMENT $REACT_NATIVE_XCODE\"\n";
		};
		00EEFC60759A1932668264C0 /* [CP] Embed Pods Frameworks */ = {
			isa = PBXShellScriptBuildPhase;
			buildActionMask = 2147483647;
			files = (
			);
			inputFileListPaths = (
				"${PODS_ROOT}/Target Support Files/Pods-xioncart/Pods-xioncart-frameworks-${CONFIGURATION}-input-files.xcfilelist",
			);
			name = "[CP] Embed Pods Frameworks";
			outputFileListPaths = (
				"${PODS_ROOT}/Target Support Files/Pods-xioncart/Pods-xioncart-frameworks-${CONFIGURATION}-output-files.xcfilelist",
			);
			runOnlyForDeploymentPostprocessing = 0;
			shellPath = /bin/sh;
			shellScript = "\"${PODS_ROOT}/Target Support Files/Pods-xioncart/Pods-xioncart-frameworks.sh\"\n";
			showEnvVarsInLog = 0;
		};
		C38B50BA6285516D6DCD4F65 /* [CP] Check Pods Manifest.lock */ = {
			isa = PBXShellScriptBuildPhase;
			buildActionMask = 2147483647;
			files = (
			);
			inputFileListPaths = (
			);
			inputPaths = (
				"${PODS_PODFILE_DIR_PATH}/Podfile.lock",
				"${PODS_ROOT}/Manifest.lock",
			);
			name = "[CP] Check Pods Manifest.lock";
			outputFileListPaths = (
			);
			outputPaths = (
				"$(DERIVED_FILE_DIR)/Pods-xioncart-checkManifestLockResult.txt",
			);
			runOnlyForDeploymentPostprocessing = 0;
			shellPath = /bin/sh;
			shellScript = "diff \"${PODS_PODFILE_DIR_PATH}/Podfile.lock\" \"${PODS_ROOT}/Manifest.lock\" > /dev/null\nif [ $? != 0 ] ; then\n    # print error to STDERR\n    echo \"error: The sandbox is not in sync with the Podfile.lock. Run 'pod install' or update your CocoaPods installation.\" >&2\n    exit 1\nfi\n# This output is used by Xcode 'outputs' to avoid re-running this script phase.\necho \"SUCCESS\" > \"${SCRIPT_OUTPUT_FILE_0}\"\n";
			showEnvVarsInLog = 0;
		};
		E235C05ADACE081382539298 /* [CP] Copy Pods Resources */ = {
			isa = PBXShellScriptBuildPhase;
			buildActionMask = 2147483647;
			files = (
			);
			inputFileListPaths = (
				"${PODS_ROOT}/Target Support Files/Pods-xioncart/Pods-xioncart-resources-${CONFIGURATION}-input-files.xcfilelist",
			);
			name = "[CP] Copy Pods Resources";
			outputFileListPaths = (
				"${PODS_ROOT}/Target Support Files/Pods-xioncart/Pods-xioncart-resources-${CONFIGURATION}-output-files.xcfilelist",
			);
			runOnlyForDeploymentPostprocessing = 0;
			shellPath = /bin/sh;
			shellScript = "\"${PODS_ROOT}/Target Support Files/Pods-xioncart/Pods-xioncart-resources.sh\"\n";
			showEnvVarsInLog = 0;
		};
/* End PBXShellScriptBuildPhase section */

/* Begin PBXSourcesBuildPhase section */
		13B07F871A680F5B00A75B9A /* Sources */ = {
			isa = PBXSourcesBuildPhase;
			buildActionMask = 2147483647;
			files = (
				761780ED2CA45674006654EE /* AppDelegate.swift in Sources */,
			);
			runOnlyForDeploymentPostprocessing = 0;
		};
/* End PBXSourcesBuildPhase section */

/* Begin PBXTargetDependency section */
		00E356F51AD99517003FC87E /* PBXTargetDependency */ = {
			isa = PBXTargetDependency;
			target = 13B07F861A680F5B00A75B9A /* xioncart */;
			targetProxy = 00E356F41AD99517003FC87E /* PBXContainerItemProxy */;
		};
/* End PBXTargetDependency section */

/* Begin XCBuildConfiguration section */
		13B07F941A680F5B00A75B9A /* Debug */ = {
			isa = XCBuildConfiguration;
			baseConfigurationReference = 3B4392A12AC88292D35C810B /* Pods-xioncart.debug.xcconfig */;
			buildSettings = {
				ASSETCATALOG_COMPILER_APPICON_NAME = AppIcon;
				CLANG_ENABLE_MODULES = YES;
				CURRENT_PROJECT_VERSION = 1;
				ENABLE_BITCODE = NO;
				INFOPLIST_FILE = xioncart/Info.plist;
				IPHONEOS_DEPLOYMENT_TARGET = 15.1;
				LD_RUNPATH_SEARCH_PATHS = (
					"$(inherited)",
					"@executable_path/Frameworks",
				);
				MARKETING_VERSION = 1.0;
				OTHER_LDFLAGS = (
					"$(inherited)",
					"-ObjC",
					"-lc++",
				);
				PRODUCT_BUNDLE_IDENTIFIER = "org.reactjs.native.example.$(PRODUCT_NAME:rfc1034identifier)";
				PRODUCT_NAME = xioncart;
				SWIFT_OPTIMIZATION_LEVEL = "-Onone";
				SWIFT_VERSION = 5.0;
				VERSIONING_SYSTEM = "apple-generic";
			};
			name = Debug;
		};
		13B07F951A680F5B00A75B9A /* Release */ = {
			isa = XCBuildConfiguration;
			baseConfigurationReference = 5709B34CF0A7D63546082F79 /* Pods-xioncart.release.xcconfig */;
			buildSettings = {
				ASSETCATALOG_COMPILER_APPICON_NAME = AppIcon;
				CLANG_ENABLE_MODULES = YES;
				CURRENT_PROJECT_VERSION = 1;
				INFOPLIST_FILE = xioncart/Info.plist;
				IPHONEOS_DEPLOYMENT_TARGET = 15.1;
				LD_RUNPATH_SEARCH_PATHS = (
					"$(inherited)",
					"@executable_path/Frameworks",
				);
				MARKETING_VERSION = 1.0;
				OTHER_LDFLAGS = (
					"$(inherited)",
					"-ObjC",
					"-lc++",
				);
				PRODUCT_BUNDLE_IDENTIFIER = "org.reactjs.native.example.$(PRODUCT_NAME:rfc1034identifier)";
				PRODUCT_NAME = xioncart;
				SWIFT_VERSION = 5.0;
				VERSIONING_SYSTEM = "apple-generic";
			};
			name = Release;
		};
		83CBBA201A601CBA00E9B192 /* Debug */ = {
			isa = XCBuildConfiguration;
			buildSettings = {
				ALWAYS_SEARCH_USER_PATHS = NO;
				CLANG_ANALYZER_LOCALIZABILITY_NONLOCALIZED = YES;
				CLANG_CXX_LANGUAGE_STANDARD = "c++20";
				CLANG_CXX_LIBRARY = "libc++";
				CLANG_ENABLE_MODULES = YES;
				CLANG_ENABLE_OBJC_ARC = YES;
				CLANG_WARN_BLOCK_CAPTURE_AUTORELEASING = YES;
				CLANG_WARN_BOOL_CONVERSION = YES;
				CLANG_WARN_COMMA = YES;
				CLANG_WARN_CONSTANT_CONVERSION = YES;
				CLANG_WARN_DEPRECATED_OBJC_IMPLEMENTATIONS = YES;
				CLANG_WARN_DIRECT_OBJC_ISA_USAGE = YES_ERROR;
				CLANG_WARN_EMPTY_BODY = YES;
				CLANG_WARN_ENUM_CONVERSION = YES;
				CLANG_WARN_INFINITE_RECURSION = YES;
				CLANG_WARN_INT_CONVERSION = YES;
				CLANG_WARN_NON_LITERAL_NULL_CONVERSION = YES;
				CLANG_WARN_OBJC_IMPLICIT_RETAIN_SELF = YES;
				CLANG_WARN_OBJC_LITERAL_CONVERSION = YES;
				CLANG_WARN_OBJC_ROOT_CLASS = YES_ERROR;
				CLANG_WARN_QUOTED_INCLUDE_IN_FRAMEWORK_HEADER = YES;
				CLANG_WARN_RANGE_LOOP_ANALYSIS = YES;
				CLANG_WARN_STRICT_PROTOTYPES = YES;
				CLANG_WARN_SUSPICIOUS_MOVE = YES;
				CLANG_WARN_UNREACHABLE_CODE = YES;
				CLANG_WARN__DUPLICATE_METHOD_MATCH = YES;
				"CODE_SIGN_IDENTITY[sdk=iphoneos*]" = "iPhone Developer";
				COPY_PHASE_STRIP = NO;
				ENABLE_STRICT_OBJC_MSGSEND = YES;
				ENABLE_TESTABILITY = YES;
				"EXCLUDED_ARCHS[sdk=iphonesimulator*]" = "";
				GCC_C_LANGUAGE_STANDARD = gnu99;
				GCC_DYNAMIC_NO_PIC = NO;
				GCC_NO_COMMON_BLOCKS = YES;
				GCC_OPTIMIZATION_LEVEL = 0;
				GCC_PREPROCESSOR_DEFINITIONS = (
					"DEBUG=1",
					"$(inherited)",
				);
				GCC_SYMBOLS_PRIVATE_EXTERN = NO;
				GCC_WARN_64_TO_32_BIT_CONVERSION = YES;
				GCC_WARN_ABOUT_RETURN_TYPE = YES_ERROR;
				GCC_WARN_UNDECLARED_SELECTOR = YES;
				GCC_WARN_UNINITIALIZED_AUTOS = YES_AGGRESSIVE;
				GCC_WARN_UNUSED_FUNCTION = YES;
				GCC_WARN_UNUSED_VARIABLE = YES;
				IPHONEOS_DEPLOYMENT_TARGET = 15.1;
				LD_RUNPATH_SEARCH_PATHS = (
					/usr/lib/swift,
					"$(inherited)",
				);
				LIBRARY_SEARCH_PATHS = (
					"\"$(SDKROOT)/usr/lib/swift\"",
					"\"$(TOOLCHAIN_DIR)/usr/lib/swift/$(PLATFORM_NAME)\"",
					"\"$(inherited)\"",
				);
				MTL_ENABLE_DEBUG_INFO = YES;
				ONLY_ACTIVE_ARCH = YES;
				OTHER_CPLUSPLUSFLAGS = (
					"$(OTHER_CFLAGS)",
					"-DFOLLY_NO_CONFIG",
					"-DFOLLY_MOBILE=1",
					"-DFOLLY_USE_LIBCPP=1",
					"-DFOLLY_CFG_NO_COROUTINES=1",
					"-DFOLLY_HAVE_CLOCK_GETTIME=1",
				);
				SDKROOT = iphoneos;
			};
			name = Debug;
		};
		83CBBA211A601CBA00E9B192 /* Release */ = {
			isa = XCBuildConfiguration;
			buildSettings = {
				ALWAYS_SEARCH_USER_PATHS = NO;
				CLANG_ANALYZER_LOCALIZABILITY_NONLOCALIZED = YES;
				CLANG_CXX_LANGUAGE_STANDARD = "c++20";
				CLANG_CXX_LIBRARY = "libc++";
				CLANG_ENABLE_MODULES = YES;
				CLANG_ENABLE_OBJC_ARC = YES;
				CLANG_WARN_BLOCK_CAPTURE_AUTORELEASING = YES;
				CLANG_WARN_BOOL_CONVERSION = YES;
				CLANG_WARN_COMMA = YES;
				CLANG_WARN_CONSTANT_CONVERSION = YES;
				CLANG_WARN_DEPRECATED_OBJC_IMPLEMENTATIONS = YES;
				CLANG_WARN_DIRECT_OBJC_ISA_USAGE = YES_ERROR;
				CLANG_WARN_EMPTY_BODY = YES;
				CLANG_WARN_ENUM_CONVERSION = YES;
				CLANG_WARN_INFINITE_RECURSION = YES;
				CLANG_WARN_INT_CONVERSION = YES;
				CLANG_WARN_NON_LITERAL_NULL_CONVERSION = YES;
				CLANG_WARN_OBJC_IMPLICIT_RETAIN_SELF = YES;
				CLANG_WARN_OBJC_LITERAL_CONVERSION = YES;
				CLANG_WARN_OBJC_ROOT_CLASS = YES_ERROR;
				CLANG_WARN_QUOTED_INCLUDE_IN_FRAMEWORK_HEADER = YES;
				CLANG_WARN_RANGE_LOOP_ANALYSIS = YES;
				CLANG_WARN_STRICT_PROTOTYPES = YES;
				CLANG_WARN_SUSPICIOUS_MOVE = YES;
				CLANG_WARN_UNREACHABLE_CODE = YES;
				CLANG_WARN__DUPLICATE_METHOD_MATCH = YES;
				"CODE_SIGN_IDENTITY[sdk=iphoneos*]" = "iPhone Developer";
				COPY_PHASE_STRIP = YES;
				ENABLE_NS_ASSERTIONS = NO;
				ENABLE_STRICT_OBJC_MSGSEND = YES;
				"EXCLUDED_ARCHS[sdk=iphonesimulator*]" = "";
				GCC_C_LANGUAGE_STANDARD = gnu99;
				GCC_NO_COMMON_BLOCKS = YES;
				GCC_WARN_64_TO_32_BIT_CONVERSION = YES;
				GCC_WARN_ABOUT_RETURN_TYPE = YES_ERROR;
				GCC_WARN_UNDECLARED_SELECTOR = YES;
				GCC_WARN_UNINITIALIZED_AUTOS = YES_AGGRESSIVE;
				GCC_WARN_UNUSED_FUNCTION = YES;
				GCC_WARN_UNUSED_VARIABLE = YES;
				IPHONEOS_DEPLOYMENT_TARGET = 15.1;
				LD_RUNPATH_SEARCH_PATHS = (
					/usr/lib/swift,
					"$(inherited)",
				);
				LIBRARY_SEARCH_PATHS = (
					"\"$(SDKROOT)/usr/lib/swift\"",
					"\"$(TOOLCHAIN_DIR)/usr/lib/swift/$(PLATFORM_NAME)\"",
					"\"$(inherited)\"",
				);
				MTL_ENABLE_DEBUG_INFO = NO;
				OTHER_CPLUSPLUSFLAGS = (
					"$(OTHER_CFLAGS)",
					"-DFOLLY_NO_CONFIG",
					"-DFOLLY_MOBILE=1",
					"-DFOLLY_USE_LIBCPP=1",
					"-DFOLLY_CFG_NO_COROUTINES=1",
					"-DFOLLY_HAVE_CLOCK_GETTIME=1",
				);
				SDKROOT = iphoneos;
				VALIDATE_PRODUCT = YES;
			};
			name = Release;
		};
/* End XCBuildConfiguration section */

/* Begin XCConfigurationList section */
		13B07F931A680F5B00A75B9A /* Build configuration list for PBXNativeTarget "xioncart" */ = {
			isa = XCConfigurationList;
			buildConfigurations = (
				13B07F941A680F5B00A75B9A /* Debug */,
				13B07F951A680F5B00A75B9A /* Release */,
			);
			defaultConfigurationIsVisible = 0;
			defaultConfigurationName = Release;
		};
		83CBB9FA1A601CBA00E9B192 /* Build configuration list for PBXProject "xioncart" */ = {
			isa = XCConfigurationList;
			buildConfigurations = (
				83CBBA201A601CBA00E9B192 /* Debug */,
				83CBBA211A601CBA00E9B192 /* Release */,
			);
			defaultConfigurationIsVisible = 0;
			defaultConfigurationName = Release;
		};
/* End XCConfigurationList section */
	};
	rootObject = 83CBB9F71A601CBA00E9B192 /* Project object */;
}
